
Microsoft Visual Studio Solution File, Format Version 12.00
# Visual Studio 15
VisualStudioVersion = 15.0.28307.539
MinimumVisualStudioVersion = 10.0.40219.1
Project("{FAE04EC0-301F-11D3-BF4B-00C04F79EFBC}") = "NOTE", "NOTE.csproj", "{CCC42BED-3D30-4AC5-94AD-D6AD1DAC43B5}"
EndProject
Project("{FAE04EC0-301F-11D3-BF4B-00C04F79EFBC}") = "NoteBLL", "..\NoteBLL\NoteBLL.csproj", "{C5F01623-833E-4E04-ACA4-0091ED2FFA60}"
EndProject
Project("{FAE04EC0-301F-11D3-BF4B-00C04F79EFBC}") = "NoteDAL", "NoteDAL\NoteDAL.csproj", "{94848C0D-335D-486C-9B86-36C356F554E4}"
EndProject
Project("{FAE04EC0-301F-11D3-BF4B-00C04F79EFBC}") = "Models", "Models\Models.csproj", "{925EB074-D201-45F6-B662-26020E12848F}"
EndProject
Project("{FAE04EC0-301F-11D3-BF4B-00C04F79EFBC}") = "DevTools", "DevTools\DevTools.csproj", "{71AF7D08-1026-4B59-BFBA-F826FECE8226}"
EndProject
Global
	GlobalSection(SolutionConfigurationPlatforms) = preSolution
		Debug|Any CPU = Debug|Any CPU
		Release|Any CPU = Release|Any CPU
	EndGlobalSection
	GlobalSection(ProjectConfigurationPlatforms) = postSolution
		{CCC42BED-3D30-4AC5-94AD-D6AD1DAC43B5}.Debug|Any CPU.ActiveCfg = Debug|Any CPU
		{CCC42BED-3D30-4AC5-94AD-D6AD1DAC43B5}.Debug|Any CPU.Build.0 = Debug|Any CPU
		{CCC42BED-3D30-4AC5-94AD-D6AD1DAC43B5}.Release|Any CPU.ActiveCfg = Release|Any CPU
		{CCC42BED-3D30-4AC5-94AD-D6AD1DAC43B5}.Release|Any CPU.Build.0 = Release|Any CPU
		{C5F01623-833E-4E04-ACA4-0091ED2FFA60}.Debug|Any CPU.ActiveCfg = Debug|Any CPU
		{C5F01623-833E-4E04-ACA4-0091ED2FFA60}.Debug|Any CPU.Build.0 = Debug|Any CPU
		{C5F01623-833E-4E04-ACA4-0091ED2FFA60}.Release|Any CPU.ActiveCfg = Release|Any CPU
		{C5F01623-833E-4E04-ACA4-0091ED2FFA60}.Release|Any CPU.Build.0 = Release|Any CPU
		{94848C0D-335D-486C-9B86-36C356F554E4}.Debug|Any CPU.ActiveCfg = Debug|Any CPU
		{94848C0D-335D-486C-9B86-36C356F554E4}.Debug|Any CPU.Build.0 = Debug|Any CPU
		{94848C0D-335D-486C-9B86-36C356F554E4}.Release|Any CPU.ActiveCfg = Release|Any CPU
		{94848C0D-335D-486C-9B86-36C356F554E4}.Release|Any CPU.Build.0 = Release|Any CPU
		{925EB074-D201-45F6-B662-26020E12848F}.Debug|Any CPU.ActiveCfg = Debug|Any CPU
		{925EB074-D201-45F6-B662-26020E12848F}.Debug|Any CPU.Build.0 = Debug|Any CPU
		{925EB074-D201-45F6-B662-26020E12848F}.Release|Any CPU.ActiveCfg = Release|Any CPU
		{925EB074-D201-45F6-B662-26020E12848F}.Release|Any CPU.Build.0 = Release|Any CPU
		{71AF7D08-1026-4B59-BFBA-F826FECE8226}.Debug|Any CPU.ActiveCfg = Debug|Any CPU
		{71AF7D08-1026-4B59-BFBA-F826FECE8226}.Debug|Any CPU.Build.0 = Debug|Any CPU
		{71AF7D08-1026-4B59-BFBA-F826FECE8226}.Release|Any CPU.ActiveCfg = Release|Any CPU
		{71AF7D08-1026-4B59-BFBA-F826FECE8226}.Release|Any CPU.Build.0 = Release|Any CPU
	EndGlobalSection
	GlobalSection(SolutionProperties) = preSolution
		HideSolutionNode = FALSE
	EndGlobalSection
	GlobalSection(ExtensibilityGlobals) = postSolution
		SolutionGuid = {33599E21-9CAC-4225-A3E6-8578480F2054}
	EndGlobalSection
EndGlobal
